
Microsoft Visual Studio Solution File, Format Version 12.00
# Visual Studio Version 17
VisualStudioVersion = 17.4.33213.308
MinimumVisualStudioVersion = 10.0.40219.1
Project("{FAE04EC0-301F-11D3-BF4B-00C04F79EFBC}") = "301244428(SAJID)_ASGN5", "301244428(SAJID)_ASGN5\301244428(SAJID)_ASGN5.csproj", "{02CBF23E-11E9-4876-ABDC-89F5C636CD75}"
EndProject
Project("{9A19103F-16F7-4668-BE54-9A1E7A4F7556}") = "MLCostModel_ConsoleApp1", "MLCostModel_ConsoleApp1\MLCostModel_ConsoleApp1.csproj", "{FC923067-2183-454B-A9A9-1FE36F2BC0B8}"
EndProject
Project("{FAE04EC0-301F-11D3-BF4B-00C04F79EFBC}") = "Question3", "Question3\Question3.csproj", "{9749E9ED-15DD-4B6E-BA5A-A7F563ED7A76}"
EndProject
Project("{9A19103F-16F7-4668-BE54-9A1E7A4F7556}") = "MLKnowledgeModel_ConsoleApp", "MLKnowledgeModel_ConsoleApp\MLKnowledgeModel_ConsoleApp.csproj", "{58D07D46-8A3E-43EE-9668-990EDCEDE8F9}"
EndProject
Global
	GlobalSection(SolutionConfigurationPlatforms) = preSolution
		Debug|Any CPU = Debug|Any CPU
		Release|Any CPU = Release|Any CPU
	EndGlobalSection
	GlobalSection(ProjectConfigurationPlatforms) = postSolution
		{02CBF23E-11E9-4876-ABDC-89F5C636CD75}.Debug|Any CPU.ActiveCfg = Debug|Any CPU
		{02CBF23E-11E9-4876-ABDC-89F5C636CD75}.Debug|Any CPU.Build.0 = Debug|Any CPU
		{02CBF23E-11E9-4876-ABDC-89F5C636CD75}.Release|Any CPU.ActiveCfg = Release|Any CPU
		{02CBF23E-11E9-4876-ABDC-89F5C636CD75}.Release|Any CPU.Build.0 = Release|Any CPU
		{FC923067-2183-454B-A9A9-1FE36F2BC0B8}.Debug|Any CPU.ActiveCfg = Debug|Any CPU
		{FC923067-2183-454B-A9A9-1FE36F2BC0B8}.Debug|Any CPU.Build.0 = Debug|Any CPU
		{FC923067-2183-454B-A9A9-1FE36F2BC0B8}.Release|Any CPU.ActiveCfg = Release|Any CPU
		{FC923067-2183-454B-A9A9-1FE36F2BC0B8}.Release|Any CPU.Build.0 = Release|Any CPU
		{9749E9ED-15DD-4B6E-BA5A-A7F563ED7A76}.Debug|Any CPU.ActiveCfg = Debug|Any CPU
		{9749E9ED-15DD-4B6E-BA5A-A7F563ED7A76}.Debug|Any CPU.Build.0 = Debug|Any CPU
		{9749E9ED-15DD-4B6E-BA5A-A7F563ED7A76}.Release|Any CPU.ActiveCfg = Release|Any CPU
		{9749E9ED-15DD-4B6E-BA5A-A7F563ED7A76}.Release|Any CPU.Build.0 = Release|Any CPU
		{58D07D46-8A3E-43EE-9668-990EDCEDE8F9}.Debug|Any CPU.ActiveCfg = Debug|Any CPU
		{58D07D46-8A3E-43EE-9668-990EDCEDE8F9}.Debug|Any CPU.Build.0 = Debug|Any CPU
		{58D07D46-8A3E-43EE-9668-990EDCEDE8F9}.Release|Any CPU.ActiveCfg = Release|Any CPU
		{58D07D46-8A3E-43EE-9668-990EDCEDE8F9}.Release|Any CPU.Build.0 = Release|Any CPU
	EndGlobalSection
	GlobalSection(SolutionProperties) = preSolution
		HideSolutionNode = FALSE
	EndGlobalSection
	GlobalSection(ExtensibilityGlobals) = postSolution
		SolutionGuid = {4FF85183-5352-4CA2-8931-DBF3E3E011A3}
	EndGlobalSection
EndGlobal
